// !$*UTF8*$!
{
	archiveVersion = 1;
	classes = {
	};
	objectVersion = 50;
	objects = {

/* Begin PBXBuildFile section */
		B39CCB012444BDD900F50DED /* AppDelegate.swift in Sources */ = {isa = PBXBuildFile; fileRef = B39CCB002444BDD900F50DED /* AppDelegate.swift */; };
		B39CCB032444BDD900F50DED /* SceneDelegate.swift in Sources */ = {isa = PBXBuildFile; fileRef = B39CCB022444BDD900F50DED /* SceneDelegate.swift */; };
		B39CCB082444BDD900F50DED /* Main.storyboard in Resources */ = {isa = PBXBuildFile; fileRef = B39CCB062444BDD900F50DED /* Main.storyboard */; };
		B39CCB0A2444BDDB00F50DED /* Assets.xcassets in Resources */ = {isa = PBXBuildFile; fileRef = B39CCB092444BDDB00F50DED /* Assets.xcassets */; };
		B39CCB0D2444BDDB00F50DED /* LaunchScreen.storyboard in Resources */ = {isa = PBXBuildFile; fileRef = B39CCB0B2444BDDB00F50DED /* LaunchScreen.storyboard */; };
		B39CCB182444BDDB00F50DED /* Conversion_CalculatorTests.swift in Sources */ = {isa = PBXBuildFile; fileRef = B39CCB172444BDDB00F50DED /* Conversion_CalculatorTests.swift */; };
		B39CCB232444BDDB00F50DED /* Conversion_CalculatorUITests.swift in Sources */ = {isa = PBXBuildFile; fileRef = B39CCB222444BDDB00F50DED /* Conversion_CalculatorUITests.swift */; };
		B39CCB312444C05800F50DED /* CalculatorViewController.swift in Sources */ = {isa = PBXBuildFile; fileRef = B39CCB302444C05800F50DED /* CalculatorViewController.swift */; };
/* End PBXBuildFile section */

/* Begin PBXContainerItemProxy section */
		B39CCB142444BDDB00F50DED /* PBXContainerItemProxy */ = {
			isa = PBXContainerItemProxy;
			containerPortal = B39CCAF52444BDD900F50DED /* Project object */;
			proxyType = 1;
			remoteGlobalIDString = B39CCAFC2444BDD900F50DED;
			remoteInfo = "Conversion Calculator";
		};
		B39CCB1F2444BDDB00F50DED /* PBXContainerItemProxy */ = {
			isa = PBXContainerItemProxy;
			containerPortal = B39CCAF52444BDD900F50DED /* Project object */;
			proxyType = 1;
			remoteGlobalIDString = B39CCAFC2444BDD900F50DED;
			remoteInfo = "Conversion Calculator";
		};
/* End PBXContainerItemProxy section */

/* Begin PBXFileReference section */
		B39CCAFD2444BDD900F50DED /* Conversion Calculator.app */ = {isa = PBXFileReference; explicitFileType = wrapper.application; includeInIndex = 0; path = "Conversion Calculator.app"; sourceTree = BUILT_PRODUCTS_DIR; };
		B39CCB002444BDD900F50DED /* AppDelegate.swift */ = {isa = PBXFileReference; lastKnownFileType = sourcecode.swift; path = AppDelegate.swift; sourceTree = "<group>"; };
		B39CCB022444BDD900F50DED /* SceneDelegate.swift */ = {isa = PBXFileReference; lastKnownFileType = sourcecode.swift; path = SceneDelegate.swift; sourceTree = "<group>"; };
		B39CCB072444BDD900F50DED /* Base */ = {isa = PBXFileReference; lastKnownFileType = file.storyboard; name = Base; path = Base.lproj/Main.storyboard; sourceTree = "<group>"; };
		B39CCB092444BDDB00F50DED /* Assets.xcassets */ = {isa = PBXFileReference; lastKnownFileType = folder.assetcatalog; path = Assets.xcassets; sourceTree = "<group>"; };
		B39CCB0C2444BDDB00F50DED /* Base */ = {isa = PBXFileReference; lastKnownFileType = file.storyboard; name = Base; path = Base.lproj/LaunchScreen.storyboard; sourceTree = "<group>"; };
		B39CCB0E2444BDDB00F50DED /* Info.plist */ = {isa = PBXFileReference; lastKnownFileType = text.plist.xml; path = Info.plist; sourceTree = "<group>"; };
		B39CCB132444BDDB00F50DED /* Conversion CalculatorTests.xctest */ = {isa = PBXFileReference; explicitFileType = wrapper.cfbundle; includeInIndex = 0; path = "Conversion CalculatorTests.xctest"; sourceTree = BUILT_PRODUCTS_DIR; };
		B39CCB172444BDDB00F50DED /* Conversion_CalculatorTests.swift */ = {isa = PBXFileReference; lastKnownFileType = sourcecode.swift; path = Conversion_CalculatorTests.swift; sourceTree = "<group>"; };
		B39CCB192444BDDB00F50DED /* Info.plist */ = {isa = PBXFileReference; lastKnownFileType = text.plist.xml; path = Info.plist; sourceTree = "<group>"; };
		B39CCB1E2444BDDB00F50DED /* Conversion CalculatorUITests.xctest */ = {isa = PBXFileReference; explicitFileType = wrapper.cfbundle; includeInIndex = 0; path = "Conversion CalculatorUITests.xctest"; sourceTree = BUILT_PRODUCTS_DIR; };
		B39CCB222444BDDB00F50DED /* Conversion_CalculatorUITests.swift */ = {isa = PBXFileReference; lastKnownFileType = sourcecode.swift; path = Conversion_CalculatorUITests.swift; sourceTree = "<group>"; };
		B39CCB242444BDDB00F50DED /* Info.plist */ = {isa = PBXFileReference; lastKnownFileType = text.plist.xml; path = Info.plist; sourceTree = "<group>"; };
		B39CCB302444C05800F50DED /* CalculatorViewController.swift */ = {isa = PBXFileReference; lastKnownFileType = sourcecode.swift; path = CalculatorViewController.swift; sourceTree = "<group>"; };
/* End PBXFileReference section */

/* Begin PBXFrameworksBuildPhase section */
		B39CCAFA2444BDD900F50DED /* Frameworks */ = {
			isa = PBXFrameworksBuildPhase;
			buildActionMask = 2147483647;
			files = (
			);
			runOnlyForDeploymentPostprocessing = 0;
		};
		B39CCB102444BDDB00F50DED /* Frameworks */ = {
			isa = PBXFrameworksBuildPhase;
			buildActionMask = 2147483647;
			files = (
			);
			runOnlyForDeploymentPostprocessing = 0;
		};
		B39CCB1B2444BDDB00F50DED /* Frameworks */ = {
			isa = PBXFrameworksBuildPhase;
			buildActionMask = 2147483647;
			files = (
			);
			runOnlyForDeploymentPostprocessing = 0;
		};
/* End PBXFrameworksBuildPhase section */

/* Begin PBXGroup section */
		B39CCAF42444BDD900F50DED = {
			isa = PBXGroup;
			children = (
				B39CCAFF2444BDD900F50DED /* Conversion Calculator */,
				B39CCB162444BDDB00F50DED /* Conversion CalculatorTests */,
				B39CCB212444BDDB00F50DED /* Conversion CalculatorUITests */,
				B39CCAFE2444BDD900F50DED /* Products */,
			);
			sourceTree = "<group>";
		};
		B39CCAFE2444BDD900F50DED /* Products */ = {
			isa = PBXGroup;
			children = (
				B39CCAFD2444BDD900F50DED /* Conversion Calculator.app */,
				B39CCB132444BDDB00F50DED /* Conversion CalculatorTests.xctest */,
				B39CCB1E2444BDDB00F50DED /* Conversion CalculatorUITests.xctest */,
			);
			name = Products;
			sourceTree = "<group>";
		};
		B39CCAFF2444BDD900F50DED /* Conversion Calculator */ = {
			isa = PBXGroup;
			children = (
				B39CCB002444BDD900F50DED /* AppDelegate.swift */,
				B39CCB022444BDD900F50DED /* SceneDelegate.swift */,
				B39CCB062444BDD900F50DED /* Main.storyboard */,
				B39CCB092444BDDB00F50DED /* Assets.xcassets */,
				B39CCB0B2444BDDB00F50DED /* LaunchScreen.storyboard */,
				B39CCB0E2444BDDB00F50DED /* Info.plist */,
				B39CCB302444C05800F50DED /* CalculatorViewController.swift */,
			);
			path = "Conversion Calculator";
			sourceTree = "<group>";
		};
		B39CCB162444BDDB00F50DED /* Conversion CalculatorTests */ = {
			isa = PBXGroup;
			children = (
				B39CCB172444BDDB00F50DED /* Conversion_CalculatorTests.swift */,
				B39CCB192444BDDB00F50DED /* Info.plist */,
			);
			path = "Conversion CalculatorTests";
			sourceTree = "<group>";
		};
		B39CCB212444BDDB00F50DED /* Conversion CalculatorUITests */ = {
			isa = PBXGroup;
			children = (
				B39CCB222444BDDB00F50DED /* Conversion_CalculatorUITests.swift */,
				B39CCB242444BDDB00F50DED /* Info.plist */,
			);
			path = "Conversion CalculatorUITests";
			sourceTree = "<group>";
		};
/* End PBXGroup section */

/* Begin PBXNativeTarget section */
		B39CCAFC2444BDD900F50DED /* Conversion Calculator */ = {
			isa = PBXNativeTarget;
			buildConfigurationList = B39CCB272444BDDB00F50DED /* Build configuration list for PBXNativeTarget "Conversion Calculator" */;
			buildPhases = (
				B39CCAF92444BDD900F50DED /* Sources */,
				B39CCAFA2444BDD900F50DED /* Frameworks */,
				B39CCAFB2444BDD900F50DED /* Resources */,
			);
			buildRules = (
			);
			dependencies = (
			);
			name = "Conversion Calculator";
			productName = "Conversion Calculator";
			productReference = B39CCAFD2444BDD900F50DED /* Conversion Calculator.app */;
			productType = "com.apple.product-type.application";
		};
		B39CCB122444BDDB00F50DED /* Conversion CalculatorTests */ = {
			isa = PBXNativeTarget;
			buildConfigurationList = B39CCB2A2444BDDB00F50DED /* Build configuration list for PBXNativeTarget "Conversion CalculatorTests" */;
			buildPhases = (
				B39CCB0F2444BDDB00F50DED /* Sources */,
				B39CCB102444BDDB00F50DED /* Frameworks */,
				B39CCB112444BDDB00F50DED /* Resources */,
			);
			buildRules = (
			);
			dependencies = (
				B39CCB152444BDDB00F50DED /* PBXTargetDependency */,
			);
			name = "Conversion CalculatorTests";
			productName = "Conversion CalculatorTests";
			productReference = B39CCB132444BDDB00F50DED /* Conversion CalculatorTests.xctest */;
			productType = "com.apple.product-type.bundle.unit-test";
		};
		B39CCB1D2444BDDB00F50DED /* Conversion CalculatorUITests */ = {
			isa = PBXNativeTarget;
			buildConfigurationList = B39CCB2D2444BDDB00F50DED /* Build configuration list for PBXNativeTarget "Conversion CalculatorUITests" */;
			buildPhases = (
				B39CCB1A2444BDDB00F50DED /* Sources */,
				B39CCB1B2444BDDB00F50DED /* Frameworks */,
				B39CCB1C2444BDDB00F50DED /* Resources */,
			);
			buildRules = (
			);
			dependencies = (
				B39CCB202444BDDB00F50DED /* PBXTargetDependency */,
			);
			name = "Conversion CalculatorUITests";
			productName = "Conversion CalculatorUITests";
			productReference = B39CCB1E2444BDDB00F50DED /* Conversion CalculatorUITests.xctest */;
			productType = "com.apple.product-type.bundle.ui-testing";
		};
/* End PBXNativeTarget section */

/* Begin PBXProject section */
		B39CCAF52444BDD900F50DED /* Project object */ = {
			isa = PBXProject;
			attributes = {
				LastSwiftUpdateCheck = 1140;
				LastUpgradeCheck = 1140;
				ORGANIZATIONNAME = "Sarina Gaines";
				TargetAttributes = {
					B39CCAFC2444BDD900F50DED = {
						CreatedOnToolsVersion = 11.4;
					};
					B39CCB122444BDDB00F50DED = {
						CreatedOnToolsVersion = 11.4;
						TestTargetID = B39CCAFC2444BDD900F50DED;
					};
					B39CCB1D2444BDDB00F50DED = {
						CreatedOnToolsVersion = 11.4;
						TestTargetID = B39CCAFC2444BDD900F50DED;
					};
				};
			};
			buildConfigurationList = B39CCAF82444BDD900F50DED /* Build configuration list for PBXProject "Conversion Calculator" */;
			compatibilityVersion = "Xcode 9.3";
			developmentRegion = en;
			hasScannedForEncodings = 0;
			knownRegions = (
				en,
				Base,
			);
			mainGroup = B39CCAF42444BDD900F50DED;
			productRefGroup = B39CCAFE2444BDD900F50DED /* Products */;
			projectDirPath = "";
			projectRoot = "";
			targets = (
				B39CCAFC2444BDD900F50DED /* Conversion Calculator */,
				B39CCB122444BDDB00F50DED /* Conversion CalculatorTests */,
				B39CCB1D2444BDDB00F50DED /* Conversion CalculatorUITests */,
			);
		};
/* End PBXProject section */

/* Begin PBXResourcesBuildPhase section */
		B39CCAFB2444BDD900F50DED /* Resources */ = {
			isa = PBXResourcesBuildPhase;
			buildActionMask = 2147483647;
			files = (
				B39CCB0D2444BDDB00F50DED /* LaunchScreen.storyboard in Resources */,
				B39CCB0A2444BDDB00F50DED /* Assets.xcassets in Resources */,
				B39CCB082444BDD900F50DED /* Main.storyboard in Resources */,
			);
			runOnlyForDeploymentPostprocessing = 0;
		};
		B39CCB112444BDDB00F50DED /* Resources */ = {
			isa = PBXResourcesBuildPhase;
			buildActionMask = 2147483647;
			files = (
			);
			runOnlyForDeploymentPostprocessing = 0;
		};
		B39CCB1C2444BDDB00F50DED /* Resources */ = {
			isa = PBXResourcesBuildPhase;
			buildActionMask = 2147483647;
			files = (
			);
			runOnlyForDeploymentPostprocessing = 0;
		};
/* End PBXResourcesBuildPhase section */

/* Begin PBXSourcesBuildPhase section */
		B39CCAF92444BDD900F50DED /* Sources */ = {
			isa = PBXSourcesBuildPhase;
			buildActionMask = 2147483647;
			files = (
				B39CCB012444BDD900F50DED /* AppDelegate.swift in Sources */,
				B39CCB312444C05800F50DED /* CalculatorViewController.swift in Sources */,
				B39CCB032444BDD900F50DED /* SceneDelegate.swift in Sources */,
			);
			runOnlyForDeploymentPostprocessing = 0;
		};
		B39CCB0F2444BDDB00F50DED /* Sources */ = {
			isa = PBXSourcesBuildPhase;
			buildActionMask = 2147483647;
			files = (
				B39CCB182444BDDB00F50DED /* Conversion_CalculatorTests.swift in Sources */,
			);
			runOnlyForDeploymentPostprocessing = 0;
		};
		B39CCB1A2444BDDB00F50DED /* Sources */ = {
			isa = PBXSourcesBuildPhase;
			buildActionMask = 2147483647;
			files = (
				B39CCB232444BDDB00F50DED /* Conversion_CalculatorUITests.swift in Sources */,
			);
			runOnlyForDeploymentPostprocessing = 0;
		};
/* End PBXSourcesBuildPhase section */

/* Begin PBXTargetDependency section */
		B39CCB152444BDDB00F50DED /* PBXTargetDependency */ = {
			isa = PBXTargetDependency;
			target = B39CCAFC2444BDD900F50DED /* Conversion Calculator */;
			targetProxy = B39CCB142444BDDB00F50DED /* PBXContainerItemProxy */;
		};
		B39CCB202444BDDB00F50DED /* PBXTargetDependency */ = {
			isa = PBXTargetDependency;
			target = B39CCAFC2444BDD900F50DED /* Conversion Calculator */;
			targetProxy = B39CCB1F2444BDDB00F50DED /* PBXContainerItemProxy */;
		};
/* End PBXTargetDependency section */

/* Begin PBXVariantGroup section */
		B39CCB062444BDD900F50DED /* Main.storyboard */ = {
			isa = PBXVariantGroup;
			children = (
				B39CCB072444BDD900F50DED /* Base */,
			);
			name = Main.storyboard;
			sourceTree = "<group>";
		};
		B39CCB0B2444BDDB00F50DED /* LaunchScreen.storyboard */ = {
			isa = PBXVariantGroup;
			children = (
				B39CCB0C2444BDDB00F50DED /* Base */,
			);
			name = LaunchScreen.storyboard;
			sourceTree = "<group>";
		};
/* End PBXVariantGroup section */

/* Begin XCBuildConfiguration section */
		B39CCB252444BDDB00F50DED /* Debug */ = {
			isa = XCBuildConfiguration;
			buildSettings = {
				ALWAYS_SEARCH_USER_PATHS = NO;
				CLANG_ANALYZER_NONNULL = YES;
				CLANG_ANALYZER_NUMBER_OBJECT_CONVERSION = YES_AGGRESSIVE;
				CLANG_CXX_LANGUAGE_STANDARD = "gnu++14";
				CLANG_CXX_LIBRARY = "libc++";
				CLANG_ENABLE_MODULES = YES;
				CLANG_ENABLE_OBJC_ARC = YES;
				CLANG_ENABLE_OBJC_WEAK = YES;
				CLANG_WARN_BLOCK_CAPTURE_AUTORELEASING = YES;
				CLANG_WARN_BOOL_CONVERSION = YES;
				CLANG_WARN_COMMA = YES;
				CLANG_WARN_CONSTANT_CONVERSION = YES;
				CLANG_WARN_DEPRECATED_OBJC_IMPLEMENTATIONS = YES;
				CLANG_WARN_DIRECT_OBJC_ISA_USAGE = YES_ERROR;
				CLANG_WARN_DOCUMENTATION_COMMENTS = YES;
				CLANG_WARN_EMPTY_BODY = YES;
				CLANG_WARN_ENUM_CONVERSION = YES;
				CLANG_WARN_INFINITE_RECURSION = YES;
				CLANG_WARN_INT_CONVERSION = YES;
				CLANG_WARN_NON_LITERAL_NULL_CONVERSION = YES;
				CLANG_WARN_OBJC_IMPLICIT_RETAIN_SELF = YES;
				CLANG_WARN_OBJC_LITERAL_CONVERSION = YES;
				CLANG_WARN_OBJC_ROOT_CLASS = YES_ERROR;
				CLANG_WARN_RANGE_LOOP_ANALYSIS = YES;
				CLANG_WARN_STRICT_PROTOTYPES = YES;
				CLANG_WARN_SUSPICIOUS_MOVE = YES;
				CLANG_WARN_UNGUARDED_AVAILABILITY = YES_AGGRESSIVE;
				CLANG_WARN_UNREACHABLE_CODE = YES;
				CLANG_WARN__DUPLICATE_METHOD_MATCH = YES;
				COPY_PHASE_STRIP = NO;
				DEBUG_INFORMATION_FORMAT = dwarf;
				ENABLE_STRICT_OBJC_MSGSEND = YES;
				ENABLE_TESTABILITY = YES;
				GCC_C_LANGUAGE_STANDARD = gnu11;
				GCC_DYNAMIC_NO_PIC = NO;
				GCC_NO_COMMON_BLOCKS = YES;
				GCC_OPTIMIZATION_LEVEL = 0;
				GCC_PREPROCESSOR_DEFINITIONS = (
					"DEBUG=1",
					"$(inherited)",
				);
				GCC_WARN_64_TO_32_BIT_CONVERSION = YES;
				GCC_WARN_ABOUT_RETURN_TYPE = YES_ERROR;
				GCC_WARN_UNDECLARED_SELECTOR = YES;
				GCC_WARN_UNINITIALIZED_AUTOS = YES_AGGRESSIVE;
				GCC_WARN_UNUSED_FUNCTION = YES;
				GCC_WARN_UNUSED_VARIABLE = YES;
				IPHONEOS_DEPLOYMENT_TARGET = 13.4;
				MTL_ENABLE_DEBUG_INFO = INCLUDE_SOURCE;
				MTL_FAST_MATH = YES;
				ONLY_ACTIVE_ARCH = YES;
				SDKROOT = iphoneos;
				SWIFT_ACTIVE_COMPILATION_CONDITIONS = DEBUG;
				SWIFT_OPTIMIZATION_LEVEL = "-Onone";
			};
			name = Debug;
		};
		B39CCB262444BDDB00F50DED /* Release */ = {
			isa = XCBuildConfiguration;
			buildSettings = {
				ALWAYS_SEARCH_USER_PATHS = NO;
				CLANG_ANALYZER_NONNULL = YES;
				CLANG_ANALYZER_NUMBER_OBJECT_CONVERSION = YES_AGGRESSIVE;
				CLANG_CXX_LANGUAGE_STANDARD = "gnu++14";
				CLANG_CXX_LIBRARY = "libc++";
				CLANG_ENABLE_MODULES = YES;
				CLANG_ENABLE_OBJC_ARC = YES;
				CLANG_ENABLE_OBJC_WEAK = YES;
				CLANG_WARN_BLOCK_CAPTURE_AUTORELEASING = YES;
				CLANG_WARN_BOOL_CONVERSION = YES;
				CLANG_WARN_COMMA = YES;
				CLANG_WARN_CONSTANT_CONVERSION = YES;
				CLANG_WARN_DEPRECATED_OBJC_IMPLEMENTATIONS = YES;
				CLANG_WARN_DIRECT_OBJC_ISA_USAGE = YES_ERROR;
				CLANG_WARN_DOCUMENTATION_COMMENTS = YES;
				CLANG_WARN_EMPTY_BODY = YES;
				CLANG_WARN_ENUM_CONVERSION = YES;
				CLANG_WARN_INFINITE_RECURSION = YES;
				CLANG_WARN_INT_CONVERSION = YES;
				CLANG_WARN_NON_LITERAL_NULL_CONVERSION = YES;
				CLANG_WARN_OBJC_IMPLICIT_RETAIN_SELF = YES;
				CLANG_WARN_OBJC_LITERAL_CONVERSION = YES;
				CLANG_WARN_OBJC_ROOT_CLASS = YES_ERROR;
				CLANG_WARN_RANGE_LOOP_ANALYSIS = YES;
				CLANG_WARN_STRICT_PROTOTYPES = YES;
				CLANG_WARN_SUSPICIOUS_MOVE = YES;
				CLANG_WARN_UNGUARDED_AVAILABILITY = YES_AGGRESSIVE;
				CLANG_WARN_UNREACHABLE_CODE = YES;
				CLANG_WARN__DUPLICATE_METHOD_MATCH = YES;
				COPY_PHASE_STRIP = NO;
				DEBUG_INFORMATION_FORMAT = "dwarf-with-dsym";
				ENABLE_NS_ASSERTIONS = NO;
				ENABLE_STRICT_OBJC_MSGSEND = YES;
				GCC_C_LANGUAGE_STANDARD = gnu11;
				GCC_NO_COMMON_BLOCKS = YES;
				GCC_WARN_64_TO_32_BIT_CONVERSION = YES;
				GCC_WARN_ABOUT_RETURN_TYPE = YES_ERROR;
				GCC_WARN_UNDECLARED_SELECTOR = YES;
				GCC_WARN_UNINITIALIZED_AUTOS = YES_AGGRESSIVE;
				GCC_WARN_UNUSED_FUNCTION = YES;
				GCC_WARN_UNUSED_VARIABLE = YES;
				IPHONEOS_DEPLOYMENT_TARGET = 13.4;
				MTL_ENABLE_DEBUG_INFO = NO;
				MTL_FAST_MATH = YES;
				SDKROOT = iphoneos;
				SWIFT_COMPILATION_MODE = wholemodule;
				SWIFT_OPTIMIZATION_LEVEL = "-O";
				VALIDATE_PRODUCT = YES;
			};
			name = Release;
		};
		B39CCB282444BDDB00F50DED /* Debug */ = {
			isa = XCBuildConfiguration;
			buildSettings = {
				ASSETCATALOG_COMPILER_APPICON_NAME = AppIcon;
				CODE_SIGN_STYLE = Automatic;
				DEVELOPMENT_TEAM = NKLR5CDW3K;
				INFOPLIST_FILE = "Conversion Calculator/Info.plist";
				LD_RUNPATH_SEARCH_PATHS = (
					"$(inherited)",
					"@executable_path/Frameworks",
				);
				PRODUCT_BUNDLE_IDENTIFIER = "edu.missouri.Conversion-Calculator";
				PRODUCT_NAME = "$(TARGET_NAME)";
				SWIFT_VERSION = 5.0;
				TARGETED_DEVICE_FAMILY = "1,2";
			};
			name = Debug;
		};
		B39CCB292444BDDB00F50DED /* Release */ = {
			isa = XCBuildConfiguration;
			buildSettings = {
				ASSETCATALOG_COMPILER_APPICON_NAME = AppIcon;
				CODE_SIGN_STYLE = Automatic;
				DEVELOPMENT_TEAM = NKLR5CDW3K;
				INFOPLIST_FILE = "Conversion Calculator/Info.plist";
				LD_RUNPATH_SEARCH_PATHS = (
					"$(inherited)",
					"@executable_path/Frameworks",
				);
				PRODUCT_BUNDLE_IDENTIFIER = "edu.missouri.Conversion-Calculator";
				PRODUCT_NAME = "$(TARGET_NAME)";
				SWIFT_VERSION = 5.0;
				TARGETED_DEVICE_FAMILY = "1,2";
			};
			name = Release;
		};
		B39CCB2B2444BDDB00F50DED /* Debug */ = {
			isa = XCBuildConfiguration;
			buildSettings = {
				ALWAYS_EMBED_SWIFT_STANDARD_LIBRARIES = YES;
				BUNDLE_LOADER = "$(TEST_HOST)";
				CODE_SIGN_STYLE = Automatic;
				DEVELOPMENT_TEAM = NKLR5CDW3K;
				INFOPLIST_FILE = "Conversion CalculatorTests/Info.plist";
				IPHONEOS_DEPLOYMENT_TARGET = 13.4;
				LD_RUNPATH_SEARCH_PATHS = (
					"$(inherited)",
					"@executable_path/Frameworks",
					"@loader_path/Frameworks",
				);
				PRODUCT_BUNDLE_IDENTIFIER = "edu.missouri.Conversion-CalculatorTests";
				PRODUCT_NAME = "$(TARGET_NAME)";
				SWIFT_VERSION = 5.0;
				TARGETED_DEVICE_FAMILY = "1,2";
				TEST_HOST = "$(BUILT_PRODUCTS_DIR)/Conversion Calculator.app/Conversion Calculator";
			};
			name = Debug;
		};
		B39CCB2C2444BDDB00F50DED /* Release */ = {
			isa = XCBuildConfiguration;
			buildSettings = {
				ALWAYS_EMBED_SWIFT_STANDARD_LIBRARIES = YES;
				BUNDLE_LOADER = "$(TEST_HOST)";
				CODE_SIGN_STYLE = Automatic;
				DEVELOPMENT_TEAM = NKLR5CDW3K;
				INFOPLIST_FILE = "Conversion CalculatorTests/Info.plist";
				IPHONEOS_DEPLOYMENT_TARGET = 13.4;
				LD_RUNPATH_SEARCH_PATHS = (
					"$(inherited)",
					"@executable_path/Frameworks",
					"@loader_path/Frameworks",
				);
				PRODUCT_BUNDLE_IDENTIFIER = "edu.missouri.Conversion-CalculatorTests";
				PRODUCT_NAME = "$(TARGET_NAME)";
				SWIFT_VERSION = 5.0;
				TARGETED_DEVICE_FAMILY = "1,2";
				TEST_HOST = "$(BUILT_PRODUCTS_DIR)/Conversion Calculator.app/Conversion Calculator";
			};
			name = Release;
		};
		B39CCB2E2444BDDB00F50DED /* Debug */ = {
			isa = XCBuildConfiguration;
			buildSettings = {
				ALWAYS_EMBED_SWIFT_STANDARD_LIBRARIES = YES;
				CODE_SIGN_STYLE = Automatic;
				DEVELOPMENT_TEAM = NKLR5CDW3K;
				INFOPLIST_FILE = "Conversion CalculatorUITests/Info.plist";
				LD_RUNPATH_SEARCH_PATHS = (
					"$(inherited)",
					"@executable_path/Frameworks",
					"@loader_path/Frameworks",
				);
				PRODUCT_BUNDLE_IDENTIFIER = "edu.missouri.Conversion-CalculatorUITests";
				PRODUCT_NAME = "$(TARGET_NAME)";
				SWIFT_VERSION = 5.0;
				TARGETED_DEVICE_FAMILY = "1,2";
				TEST_TARGET_NAME = "Conversion Calculator";
			};
			name = Debug;
		};
		B39CCB2F2444BDDB00F50DED /* Release */ = {
			isa = XCBuildConfiguration;
			buildSettings = {
				ALWAYS_EMBED_SWIFT_STANDARD_LIBRARIES = YES;
				CODE_SIGN_STYLE = Automatic;
				DEVELOPMENT_TEAM = NKLR5CDW3K;
				INFOPLIST_FILE = "Conversion CalculatorUITests/Info.plist";
				LD_RUNPATH_SEARCH_PATHS = (
					"$(inherited)",
					"@executable_path/Frameworks",
					"@loader_path/Frameworks",
				);
				PRODUCT_BUNDLE_IDENTIFIER = "edu.missouri.Conversion-CalculatorUITests";
				PRODUCT_NAME = "$(TARGET_NAME)";
				SWIFT_VERSION = 5.0;
				TARGETED_DEVICE_FAMILY = "1,2";
				TEST_TARGET_NAME = "Conversion Calculator";
			};
			name = Release;
		};
/* End XCBuildConfiguration section */

/* Begin XCConfigurationList section */
		B39CCAF82444BDD900F50DED /* Build configuration list for PBXProject "Conversion Calculator" */ = {
			isa = XCConfigurationList;
			buildConfigurations = (
				B39CCB252444BDDB00F50DED /* Debug */,
				B39CCB262444BDDB00F50DED /* Release */,
			);
			defaultConfigurationIsVisible = 0;
			defaultConfigurationName = Release;
		};
		B39CCB272444BDDB00F50DED /* Build configuration list for PBXNativeTarget "Conversion Calculator" */ = {
			isa = XCConfigurationList;
			buildConfigurations = (
				B39CCB282444BDDB00F50DED /* Debug */,
				B39CCB292444BDDB00F50DED /* Release */,
			);
			defaultConfigurationIsVisible = 0;
			defaultConfigurationName = Release;
		};
		B39CCB2A2444BDDB00F50DED /* Build configuration list for PBXNativeTarget "Conversion CalculatorTests" */ = {
			isa = XCConfigurationList;
			buildConfigurations = (
				B39CCB2B2444BDDB00F50DED /* Debug */,
				B39CCB2C2444BDDB00F50DED /* Release */,
			);
			defaultConfigurationIsVisible = 0;
			defaultConfigurationName = Release;
		};
		B39CCB2D2444BDDB00F50DED /* Build configuration list for PBXNativeTarget "Conversion CalculatorUITests" */ = {
			isa = XCConfigurationList;
			buildConfigurations = (
				B39CCB2E2444BDDB00F50DED /* Debug */,
				B39CCB2F2444BDDB00F50DED /* Release */,
			);
			defaultConfigurationIsVisible = 0;
			defaultConfigurationName = Release;
		};
/* End XCConfigurationList section */
	};
	rootObject = B39CCAF52444BDD900F50DED /* Project object */;
}
